
Microsoft Visual Studio Solution File, Format Version 12.00
# Visual Studio 14
VisualStudioVersion = 14.0.25123.0
MinimumVisualStudioVersion = 10.0.40219.1
Project("{FAE04EC0-301F-11D3-BF4B-00C04F79EFBC}") = "Vocab_Master_App.Droid", "Vocab Master App\Vocab_Master_App.Droid\Vocab_Master_App.Droid.csproj", "{5CE2B295-BD14-4964-819D-891AB16AD46F}"
EndProject
Project("{FAE04EC0-301F-11D3-BF4B-00C04F79EFBC}") = "Vocab_Master_App.iOS", "Vocab Master App\Vocab_Master_App.iOS\Vocab_Master_App.iOS.csproj", "{B4EF6E88-F704-4556-8BC7-CEB2DAA8A040}"
EndProject
Project("{FAE04EC0-301F-11D3-BF4B-00C04F79EFBC}") = "Vocab_Master_App.WinPhone", "Vocab Master App\Vocab_Master_App.WinPhone\Vocab_Master_App.WinPhone.csproj", "{35BB2E97-3039-415E-9E11-E1C0821D182A}"
EndProject
Project("{FAE04EC0-301F-11D3-BF4B-00C04F79EFBC}") = "Vocab_Master_App.UWP", "Vocab Master App\Vocab_Master_App.UWP\Vocab_Master_App.UWP.csproj", "{7F999AAC-72AA-476C-B69B-A7FD317F2F1F}"
EndProject
Project("{FAE04EC0-301F-11D3-BF4B-00C04F79EFBC}") = "Vocab_Master_App.Windows", "Vocab Master App\Vocab_Master_App.Windows\Vocab_Master_App.Windows.csproj", "{6071BB93-ED1B-4F3C-A7DE-E48C949E4EA8}"
EndProject
Project("{FAE04EC0-301F-11D3-BF4B-00C04F79EFBC}") = "Vocab_Master_App", "Vocab Master App\Vocab_Master_App\Vocab_Master_App.csproj", "{D5761239-02CC-48C9-9868-041C8B60E907}"
EndProject
Global
	GlobalSection(SolutionConfigurationPlatforms) = preSolution
		Ad-Hoc|Any CPU = Ad-Hoc|Any CPU
		Ad-Hoc|ARM = Ad-Hoc|ARM
		Ad-Hoc|iPhone = Ad-Hoc|iPhone
		Ad-Hoc|iPhoneSimulator = Ad-Hoc|iPhoneSimulator
		Ad-Hoc|x64 = Ad-Hoc|x64
		Ad-Hoc|x86 = Ad-Hoc|x86
		AppStore|Any CPU = AppStore|Any CPU
		AppStore|ARM = AppStore|ARM
		AppStore|iPhone = AppStore|iPhone
		AppStore|iPhoneSimulator = AppStore|iPhoneSimulator
		AppStore|x64 = AppStore|x64
		AppStore|x86 = AppStore|x86
		Debug|Any CPU = Debug|Any CPU
		Debug|ARM = Debug|ARM
		Debug|iPhone = Debug|iPhone
		Debug|iPhoneSimulator = Debug|iPhoneSimulator
		Debug|x64 = Debug|x64
		Debug|x86 = Debug|x86
		Release|Any CPU = Release|Any CPU
		Release|ARM = Release|ARM
		Release|iPhone = Release|iPhone
		Release|iPhoneSimulator = Release|iPhoneSimulator
		Release|x64 = Release|x64
		Release|x86 = Release|x86
	EndGlobalSection
	GlobalSection(ProjectConfigurationPlatforms) = postSolution
		{5CE2B295-BD14-4964-819D-891AB16AD46F}.Ad-Hoc|Any CPU.ActiveCfg = Release|Any CPU
		{5CE2B295-BD14-4964-819D-891AB16AD46F}.Ad-Hoc|Any CPU.Build.0 = Release|Any CPU
		{5CE2B295-BD14-4964-819D-891AB16AD46F}.Ad-Hoc|Any CPU.Deploy.0 = Release|Any CPU
		{5CE2B295-BD14-4964-819D-891AB16AD46F}.Ad-Hoc|ARM.ActiveCfg = Release|Any CPU
		{5CE2B295-BD14-4964-819D-891AB16AD46F}.Ad-Hoc|ARM.Build.0 = Release|Any CPU
		{5CE2B295-BD14-4964-819D-891AB16AD46F}.Ad-Hoc|ARM.Deploy.0 = Release|Any CPU
		{5CE2B295-BD14-4964-819D-891AB16AD46F}.Ad-Hoc|iPhone.ActiveCfg = Release|Any CPU
		{5CE2B295-BD14-4964-819D-891AB16AD46F}.Ad-Hoc|iPhone.Build.0 = Release|Any CPU
		{5CE2B295-BD14-4964-819D-891AB16AD46F}.Ad-Hoc|iPhone.Deploy.0 = Release|Any CPU
		{5CE2B295-BD14-4964-819D-891AB16AD46F}.Ad-Hoc|iPhoneSimulator.ActiveCfg = Release|Any CPU
		{5CE2B295-BD14-4964-819D-891AB16AD46F}.Ad-Hoc|iPhoneSimulator.Build.0 = Release|Any CPU
		{5CE2B295-BD14-4964-819D-891AB16AD46F}.Ad-Hoc|iPhoneSimulator.Deploy.0 = Release|Any CPU
		{5CE2B295-BD14-4964-819D-891AB16AD46F}.Ad-Hoc|x64.ActiveCfg = Release|Any CPU
		{5CE2B295-BD14-4964-819D-891AB16AD46F}.Ad-Hoc|x64.Build.0 = Release|Any CPU
		{5CE2B295-BD14-4964-819D-891AB16AD46F}.Ad-Hoc|x64.Deploy.0 = Release|Any CPU
		{5CE2B295-BD14-4964-819D-891AB16AD46F}.Ad-Hoc|x86.ActiveCfg = Release|Any CPU
		{5CE2B295-BD14-4964-819D-891AB16AD46F}.Ad-Hoc|x86.Build.0 = Release|Any CPU
		{5CE2B295-BD14-4964-819D-891AB16AD46F}.Ad-Hoc|x86.Deploy.0 = Release|Any CPU
		{5CE2B295-BD14-4964-819D-891AB16AD46F}.AppStore|Any CPU.ActiveCfg = Release|Any CPU
		{5CE2B295-BD14-4964-819D-891AB16AD46F}.AppStore|Any CPU.Build.0 = Release|Any CPU
		{5CE2B295-BD14-4964-819D-891AB16AD46F}.AppStore|Any CPU.Deploy.0 = Release|Any CPU
		{5CE2B295-BD14-4964-819D-891AB16AD46F}.AppStore|ARM.ActiveCfg = Release|Any CPU
		{5CE2B295-BD14-4964-819D-891AB16AD46F}.AppStore|ARM.Build.0 = Release|Any CPU
		{5CE2B295-BD14-4964-819D-891AB16AD46F}.AppStore|ARM.Deploy.0 = Release|Any CPU
		{5CE2B295-BD14-4964-819D-891AB16AD46F}.AppStore|iPhone.ActiveCfg = Release|Any CPU
		{5CE2B295-BD14-4964-819D-891AB16AD46F}.AppStore|iPhone.Build.0 = Release|Any CPU
		{5CE2B295-BD14-4964-819D-891AB16AD46F}.AppStore|iPhone.Deploy.0 = Release|Any CPU
		{5CE2B295-BD14-4964-819D-891AB16AD46F}.AppStore|iPhoneSimulator.ActiveCfg = Release|Any CPU
		{5CE2B295-BD14-4964-819D-891AB16AD46F}.AppStore|iPhoneSimulator.Build.0 = Release|Any CPU
		{5CE2B295-BD14-4964-819D-891AB16AD46F}.AppStore|iPhoneSimulator.Deploy.0 = Release|Any CPU
		{5CE2B295-BD14-4964-819D-891AB16AD46F}.AppStore|x64.ActiveCfg = Release|Any CPU
		{5CE2B295-BD14-4964-819D-891AB16AD46F}.AppStore|x64.Build.0 = Release|Any CPU
		{5CE2B295-BD14-4964-819D-891AB16AD46F}.AppStore|x64.Deploy.0 = Release|Any CPU
		{5CE2B295-BD14-4964-819D-891AB16AD46F}.AppStore|x86.ActiveCfg = Release|Any CPU
		{5CE2B295-BD14-4964-819D-891AB16AD46F}.AppStore|x86.Build.0 = Release|Any CPU
		{5CE2B295-BD14-4964-819D-891AB16AD46F}.AppStore|x86.Deploy.0 = Release|Any CPU
		{5CE2B295-BD14-4964-819D-891AB16AD46F}.Debug|Any CPU.ActiveCfg = Debug|Any CPU
		{5CE2B295-BD14-4964-819D-891AB16AD46F}.Debug|Any CPU.Build.0 = Debug|Any CPU
		{5CE2B295-BD14-4964-819D-891AB16AD46F}.Debug|Any CPU.Deploy.0 = Debug|Any CPU
		{5CE2B295-BD14-4964-819D-891AB16AD46F}.Debug|ARM.ActiveCfg = Debug|Any CPU
		{5CE2B295-BD14-4964-819D-891AB16AD46F}.Debug|ARM.Build.0 = Debug|Any CPU
		{5CE2B295-BD14-4964-819D-891AB16AD46F}.Debug|ARM.Deploy.0 = Debug|Any CPU
		{5CE2B295-BD14-4964-819D-891AB16AD46F}.Debug|iPhone.ActiveCfg = Debug|Any CPU
		{5CE2B295-BD14-4964-819D-891AB16AD46F}.Debug|iPhone.Build.0 = Debug|Any CPU
		{5CE2B295-BD14-4964-819D-891AB16AD46F}.Debug|iPhone.Deploy.0 = Debug|Any CPU
		{5CE2B295-BD14-4964-819D-891AB16AD46F}.Debug|iPhoneSimulator.ActiveCfg = Debug|Any CPU
		{5CE2B295-BD14-4964-819D-891AB16AD46F}.Debug|iPhoneSimulator.Build.0 = Debug|Any CPU
		{5CE2B295-BD14-4964-819D-891AB16AD46F}.Debug|iPhoneSimulator.Deploy.0 = Debug|Any CPU
		{5CE2B295-BD14-4964-819D-891AB16AD46F}.Debug|x64.ActiveCfg = Debug|Any CPU
		{5CE2B295-BD14-4964-819D-891AB16AD46F}.Debug|x64.Build.0 = Debug|Any CPU
		{5CE2B295-BD14-4964-819D-891AB16AD46F}.Debug|x64.Deploy.0 = Debug|Any CPU
		{5CE2B295-BD14-4964-819D-891AB16AD46F}.Debug|x86.ActiveCfg = Debug|Any CPU
		{5CE2B295-BD14-4964-819D-891AB16AD46F}.Debug|x86.Build.0 = Debug|Any CPU
		{5CE2B295-BD14-4964-819D-891AB16AD46F}.Debug|x86.Deploy.0 = Debug|Any CPU
		{5CE2B295-BD14-4964-819D-891AB16AD46F}.Release|Any CPU.ActiveCfg = Release|Any CPU
		{5CE2B295-BD14-4964-819D-891AB16AD46F}.Release|Any CPU.Build.0 = Release|Any CPU
		{5CE2B295-BD14-4964-819D-891AB16AD46F}.Release|Any CPU.Deploy.0 = Release|Any CPU
		{5CE2B295-BD14-4964-819D-891AB16AD46F}.Release|ARM.ActiveCfg = Release|Any CPU
		{5CE2B295-BD14-4964-819D-891AB16AD46F}.Release|ARM.Build.0 = Release|Any CPU
		{5CE2B295-BD14-4964-819D-891AB16AD46F}.Release|ARM.Deploy.0 = Release|Any CPU
		{5CE2B295-BD14-4964-819D-891AB16AD46F}.Release|iPhone.ActiveCfg = Release|Any CPU
		{5CE2B295-BD14-4964-819D-891AB16AD46F}.Release|iPhone.Build.0 = Release|Any CPU
		{5CE2B295-BD14-4964-819D-891AB16AD46F}.Release|iPhone.Deploy.0 = Release|Any CPU
		{5CE2B295-BD14-4964-819D-891AB16AD46F}.Release|iPhoneSimulator.ActiveCfg = Release|Any CPU
		{5CE2B295-BD14-4964-819D-891AB16AD46F}.Release|iPhoneSimulator.Build.0 = Release|Any CPU
		{5CE2B295-BD14-4964-819D-891AB16AD46F}.Release|iPhoneSimulator.Deploy.0 = Release|Any CPU
		{5CE2B295-BD14-4964-819D-891AB16AD46F}.Release|x64.ActiveCfg = Release|Any CPU
		{5CE2B295-BD14-4964-819D-891AB16AD46F}.Release|x64.Build.0 = Release|Any CPU
		{5CE2B295-BD14-4964-819D-891AB16AD46F}.Release|x64.Deploy.0 = Release|Any CPU
		{5CE2B295-BD14-4964-819D-891AB16AD46F}.Release|x86.ActiveCfg = Release|Any CPU
		{5CE2B295-BD14-4964-819D-891AB16AD46F}.Release|x86.Build.0 = Release|Any CPU
		{5CE2B295-BD14-4964-819D-891AB16AD46F}.Release|x86.Deploy.0 = Release|Any CPU
		{B4EF6E88-F704-4556-8BC7-CEB2DAA8A040}.Ad-Hoc|Any CPU.ActiveCfg = Ad-Hoc|iPhone
		{B4EF6E88-F704-4556-8BC7-CEB2DAA8A040}.Ad-Hoc|ARM.ActiveCfg = Ad-Hoc|iPhone
		{B4EF6E88-F704-4556-8BC7-CEB2DAA8A040}.Ad-Hoc|iPhone.ActiveCfg = Ad-Hoc|iPhone
		{B4EF6E88-F704-4556-8BC7-CEB2DAA8A040}.Ad-Hoc|iPhone.Build.0 = Ad-Hoc|iPhone
		{B4EF6E88-F704-4556-8BC7-CEB2DAA8A040}.Ad-Hoc|iPhoneSimulator.ActiveCfg = Ad-Hoc|iPhoneSimulator
		{B4EF6E88-F704-4556-8BC7-CEB2DAA8A040}.Ad-Hoc|iPhoneSimulator.Build.0 = Ad-Hoc|iPhoneSimulator
		{B4EF6E88-F704-4556-8BC7-CEB2DAA8A040}.Ad-Hoc|x64.ActiveCfg = Ad-Hoc|iPhone
		{B4EF6E88-F704-4556-8BC7-CEB2DAA8A040}.Ad-Hoc|x86.ActiveCfg = Ad-Hoc|iPhone
		{B4EF6E88-F704-4556-8BC7-CEB2DAA8A040}.AppStore|Any CPU.ActiveCfg = AppStore|iPhone
		{B4EF6E88-F704-4556-8BC7-CEB2DAA8A040}.AppStore|ARM.ActiveCfg = AppStore|iPhone
		{B4EF6E88-F704-4556-8BC7-CEB2DAA8A040}.AppStore|iPhone.ActiveCfg = AppStore|iPhone
		{B4EF6E88-F704-4556-8BC7-CEB2DAA8A040}.AppStore|iPhone.Build.0 = AppStore|iPhone
		{B4EF6E88-F704-4556-8BC7-CEB2DAA8A040}.AppStore|iPhoneSimulator.ActiveCfg = AppStore|iPhoneSimulator
		{B4EF6E88-F704-4556-8BC7-CEB2DAA8A040}.AppStore|iPhoneSimulator.Build.0 = AppStore|iPhoneSimulator
		{B4EF6E88-F704-4556-8BC7-CEB2DAA8A040}.AppStore|x64.ActiveCfg = AppStore|iPhone
		{B4EF6E88-F704-4556-8BC7-CEB2DAA8A040}.AppStore|x86.ActiveCfg = AppStore|iPhone
		{B4EF6E88-F704-4556-8BC7-CEB2DAA8A040}.Debug|Any CPU.ActiveCfg = Debug|iPhone
		{B4EF6E88-F704-4556-8BC7-CEB2DAA8A040}.Debug|ARM.ActiveCfg = Debug|iPhone
		{B4EF6E88-F704-4556-8BC7-CEB2DAA8A040}.Debug|iPhone.ActiveCfg = Debug|iPhone
		{B4EF6E88-F704-4556-8BC7-CEB2DAA8A040}.Debug|iPhone.Build.0 = Debug|iPhone
		{B4EF6E88-F704-4556-8BC7-CEB2DAA8A040}.Debug|iPhoneSimulator.ActiveCfg = Debug|iPhoneSimulator
		{B4EF6E88-F704-4556-8BC7-CEB2DAA8A040}.Debug|iPhoneSimulator.Build.0 = Debug|iPhoneSimulator
		{B4EF6E88-F704-4556-8BC7-CEB2DAA8A040}.Debug|x64.ActiveCfg = Debug|iPhone
		{B4EF6E88-F704-4556-8BC7-CEB2DAA8A040}.Debug|x86.ActiveCfg = Debug|iPhone
		{B4EF6E88-F704-4556-8BC7-CEB2DAA8A040}.Release|Any CPU.ActiveCfg = Release|iPhone
		{B4EF6E88-F704-4556-8BC7-CEB2DAA8A040}.Release|ARM.ActiveCfg = Release|iPhone
		{B4EF6E88-F704-4556-8BC7-CEB2DAA8A040}.Release|iPhone.ActiveCfg = Release|iPhone
		{B4EF6E88-F704-4556-8BC7-CEB2DAA8A040}.Release|iPhone.Build.0 = Release|iPhone
		{B4EF6E88-F704-4556-8BC7-CEB2DAA8A040}.Release|iPhoneSimulator.ActiveCfg = Release|iPhoneSimulator
		{B4EF6E88-F704-4556-8BC7-CEB2DAA8A040}.Release|iPhoneSimulator.Build.0 = Release|iPhoneSimulator
		{B4EF6E88-F704-4556-8BC7-CEB2DAA8A040}.Release|x64.ActiveCfg = Release|iPhone
		{B4EF6E88-F704-4556-8BC7-CEB2DAA8A040}.Release|x86.ActiveCfg = Release|iPhone
		{35BB2E97-3039-415E-9E11-E1C0821D182A}.Ad-Hoc|Any CPU.ActiveCfg = Release|Any CPU
		{35BB2E97-3039-415E-9E11-E1C0821D182A}.Ad-Hoc|Any CPU.Build.0 = Release|Any CPU
		{35BB2E97-3039-415E-9E11-E1C0821D182A}.Ad-Hoc|Any CPU.Deploy.0 = Release|Any CPU
		{35BB2E97-3039-415E-9E11-E1C0821D182A}.Ad-Hoc|ARM.ActiveCfg = Release|ARM
		{35BB2E97-3039-415E-9E11-E1C0821D182A}.Ad-Hoc|ARM.Build.0 = Release|ARM
		{35BB2E97-3039-415E-9E11-E1C0821D182A}.Ad-Hoc|ARM.Deploy.0 = Release|ARM
		{35BB2E97-3039-415E-9E11-E1C0821D182A}.Ad-Hoc|iPhone.ActiveCfg = Release|Any CPU
		{35BB2E97-3039-415E-9E11-E1C0821D182A}.Ad-Hoc|iPhone.Build.0 = Release|Any CPU
		{35BB2E97-3039-415E-9E11-E1C0821D182A}.Ad-Hoc|iPhone.Deploy.0 = Release|Any CPU
		{35BB2E97-3039-415E-9E11-E1C0821D182A}.Ad-Hoc|iPhoneSimulator.ActiveCfg = Release|Any CPU
		{35BB2E97-3039-415E-9E11-E1C0821D182A}.Ad-Hoc|iPhoneSimulator.Build.0 = Release|Any CPU
		{35BB2E97-3039-415E-9E11-E1C0821D182A}.Ad-Hoc|iPhoneSimulator.Deploy.0 = Release|Any CPU
		{35BB2E97-3039-415E-9E11-E1C0821D182A}.Ad-Hoc|x64.ActiveCfg = Release|Any CPU
		{35BB2E97-3039-415E-9E11-E1C0821D182A}.Ad-Hoc|x64.Build.0 = Release|Any CPU
		{35BB2E97-3039-415E-9E11-E1C0821D182A}.Ad-Hoc|x64.Deploy.0 = Release|Any CPU
		{35BB2E97-3039-415E-9E11-E1C0821D182A}.Ad-Hoc|x86.ActiveCfg = Release|x86
		{35BB2E97-3039-415E-9E11-E1C0821D182A}.Ad-Hoc|x86.Build.0 = Release|x86
		{35BB2E97-3039-415E-9E11-E1C0821D182A}.Ad-Hoc|x86.Deploy.0 = Release|x86
		{35BB2E97-3039-415E-9E11-E1C0821D182A}.AppStore|Any CPU.ActiveCfg = Release|Any CPU
		{35BB2E97-3039-415E-9E11-E1C0821D182A}.AppStore|Any CPU.Build.0 = Release|Any CPU
		{35BB2E97-3039-415E-9E11-E1C0821D182A}.AppStore|Any CPU.Deploy.0 = Release|Any CPU
		{35BB2E97-3039-415E-9E11-E1C0821D182A}.AppStore|ARM.ActiveCfg = Release|ARM
		{35BB2E97-3039-415E-9E11-E1C0821D182A}.AppStore|ARM.Build.0 = Release|ARM
		{35BB2E97-3039-415E-9E11-E1C0821D182A}.AppStore|ARM.Deploy.0 = Release|ARM
		{35BB2E97-3039-415E-9E11-E1C0821D182A}.AppStore|iPhone.ActiveCfg = Release|Any CPU
		{35BB2E97-3039-415E-9E11-E1C0821D182A}.AppStore|iPhone.Build.0 = Release|Any CPU
		{35BB2E97-3039-415E-9E11-E1C0821D182A}.AppStore|iPhone.Deploy.0 = Release|Any CPU
		{35BB2E97-3039-415E-9E11-E1C0821D182A}.AppStore|iPhoneSimulator.ActiveCfg = Release|Any CPU
		{35BB2E97-3039-415E-9E11-E1C0821D182A}.AppStore|iPhoneSimulator.Build.0 = Release|Any CPU
		{35BB2E97-3039-415E-9E11-E1C0821D182A}.AppStore|iPhoneSimulator.Deploy.0 = Release|Any CPU
		{35BB2E97-3039-415E-9E11-E1C0821D182A}.AppStore|x64.ActiveCfg = Release|Any CPU
		{35BB2E97-3039-415E-9E11-E1C0821D182A}.AppStore|x64.Build.0 = Release|Any CPU
		{35BB2E97-3039-415E-9E11-E1C0821D182A}.AppStore|x64.Deploy.0 = Release|Any CPU
		{35BB2E97-3039-415E-9E11-E1C0821D182A}.AppStore|x86.ActiveCfg = Release|x86
		{35BB2E97-3039-415E-9E11-E1C0821D182A}.AppStore|x86.Build.0 = Release|x86
		{35BB2E97-3039-415E-9E11-E1C0821D182A}.AppStore|x86.Deploy.0 = Release|x86
		{35BB2E97-3039-415E-9E11-E1C0821D182A}.Debug|Any CPU.ActiveCfg = Debug|Any CPU
		{35BB2E97-3039-415E-9E11-E1C0821D182A}.Debug|Any CPU.Build.0 = Debug|Any CPU
		{35BB2E97-3039-415E-9E11-E1C0821D182A}.Debug|Any CPU.Deploy.0 = Debug|Any CPU
		{35BB2E97-3039-415E-9E11-E1C0821D182A}.Debug|ARM.ActiveCfg = Debug|ARM
		{35BB2E97-3039-415E-9E11-E1C0821D182A}.Debug|ARM.Build.0 = Debug|ARM
		{35BB2E97-3039-415E-9E11-E1C0821D182A}.Debug|ARM.Deploy.0 = Debug|ARM
		{35BB2E97-3039-415E-9E11-E1C0821D182A}.Debug|iPhone.ActiveCfg = Debug|Any CPU
		{35BB2E97-3039-415E-9E11-E1C0821D182A}.Debug|iPhone.Build.0 = Debug|Any CPU
		{35BB2E97-3039-415E-9E11-E1C0821D182A}.Debug|iPhone.Deploy.0 = Debug|Any CPU
		{35BB2E97-3039-415E-9E11-E1C0821D182A}.Debug|iPhoneSimulator.ActiveCfg = Debug|Any CPU
		{35BB2E97-3039-415E-9E11-E1C0821D182A}.Debug|iPhoneSimulator.Build.0 = Debug|Any CPU
		{35BB2E97-3039-415E-9E11-E1C0821D182A}.Debug|iPhoneSimulator.Deploy.0 = Debug|Any CPU
		{35BB2E97-3039-415E-9E11-E1C0821D182A}.Debug|x64.ActiveCfg = Debug|Any CPU
		{35BB2E97-3039-415E-9E11-E1C0821D182A}.Debug|x64.Build.0 = Debug|Any CPU
		{35BB2E97-3039-415E-9E11-E1C0821D182A}.Debug|x64.Deploy.0 = Debug|Any CPU
		{35BB2E97-3039-415E-9E11-E1C0821D182A}.Debug|x86.ActiveCfg = Debug|x86
		{35BB2E97-3039-415E-9E11-E1C0821D182A}.Debug|x86.Build.0 = Debug|x86
		{35BB2E97-3039-415E-9E11-E1C0821D182A}.Debug|x86.Deploy.0 = Debug|x86
		{35BB2E97-3039-415E-9E11-E1C0821D182A}.Release|Any CPU.ActiveCfg = Release|Any CPU
		{35BB2E97-3039-415E-9E11-E1C0821D182A}.Release|Any CPU.Build.0 = Release|Any CPU
		{35BB2E97-3039-415E-9E11-E1C0821D182A}.Release|Any CPU.Deploy.0 = Release|Any CPU
		{35BB2E97-3039-415E-9E11-E1C0821D182A}.Release|ARM.ActiveCfg = Release|ARM
		{35BB2E97-3039-415E-9E11-E1C0821D182A}.Release|ARM.Build.0 = Release|ARM
		{35BB2E97-3039-415E-9E11-E1C0821D182A}.Release|ARM.Deploy.0 = Release|ARM
		{35BB2E97-3039-415E-9E11-E1C0821D182A}.Release|iPhone.ActiveCfg = Release|Any CPU
		{35BB2E97-3039-415E-9E11-E1C0821D182A}.Release|iPhone.Build.0 = Release|Any CPU
		{35BB2E97-3039-415E-9E11-E1C0821D182A}.Release|iPhone.Deploy.0 = Release|Any CPU
		{35BB2E97-3039-415E-9E11-E1C0821D182A}.Release|iPhoneSimulator.ActiveCfg = Release|Any CPU
		{35BB2E97-3039-415E-9E11-E1C0821D182A}.Release|iPhoneSimulator.Build.0 = Release|Any CPU
		{35BB2E97-3039-415E-9E11-E1C0821D182A}.Release|iPhoneSimulator.Deploy.0 = Release|Any CPU
		{35BB2E97-3039-415E-9E11-E1C0821D182A}.Release|x64.ActiveCfg = Release|Any CPU
		{35BB2E97-3039-415E-9E11-E1C0821D182A}.Release|x64.Build.0 = Release|Any CPU
		{35BB2E97-3039-415E-9E11-E1C0821D182A}.Release|x64.Deploy.0 = Release|Any CPU
		{35BB2E97-3039-415E-9E11-E1C0821D182A}.Release|x86.ActiveCfg = Release|x86
		{35BB2E97-3039-415E-9E11-E1C0821D182A}.Release|x86.Build.0 = Release|x86
		{35BB2E97-3039-415E-9E11-E1C0821D182A}.Release|x86.Deploy.0 = Release|x86
		{7F999AAC-72AA-476C-B69B-A7FD317F2F1F}.Ad-Hoc|Any CPU.ActiveCfg = Release|x86
		{7F999AAC-72AA-476C-B69B-A7FD317F2F1F}.Ad-Hoc|Any CPU.Build.0 = Release|x86
		{7F999AAC-72AA-476C-B69B-A7FD317F2F1F}.Ad-Hoc|Any CPU.Deploy.0 = Release|x86
		{7F999AAC-72AA-476C-B69B-A7FD317F2F1F}.Ad-Hoc|ARM.ActiveCfg = Release|ARM
		{7F999AAC-72AA-476C-B69B-A7FD317F2F1F}.Ad-Hoc|ARM.Build.0 = Release|ARM
		{7F999AAC-72AA-476C-B69B-A7FD317F2F1F}.Ad-Hoc|ARM.Deploy.0 = Release|ARM
		{7F999AAC-72AA-476C-B69B-A7FD317F2F1F}.Ad-Hoc|iPhone.ActiveCfg = Release|x86
		{7F999AAC-72AA-476C-B69B-A7FD317F2F1F}.Ad-Hoc|iPhone.Build.0 = Release|x86
		{7F999AAC-72AA-476C-B69B-A7FD317F2F1F}.Ad-Hoc|iPhone.Deploy.0 = Release|x86
		{7F999AAC-72AA-476C-B69B-A7FD317F2F1F}.Ad-Hoc|iPhoneSimulator.ActiveCfg = Release|x86
		{7F999AAC-72AA-476C-B69B-A7FD317F2F1F}.Ad-Hoc|iPhoneSimulator.Build.0 = Release|x86
		{7F999AAC-72AA-476C-B69B-A7FD317F2F1F}.Ad-Hoc|iPhoneSimulator.Deploy.0 = Release|x86
		{7F999AAC-72AA-476C-B69B-A7FD317F2F1F}.Ad-Hoc|x64.ActiveCfg = Release|x64
		{7F999AAC-72AA-476C-B69B-A7FD317F2F1F}.Ad-Hoc|x64.Build.0 = Release|x64
		{7F999AAC-72AA-476C-B69B-A7FD317F2F1F}.Ad-Hoc|x64.Deploy.0 = Release|x64
		{7F999AAC-72AA-476C-B69B-A7FD317F2F1F}.Ad-Hoc|x86.ActiveCfg = Release|x86
		{7F999AAC-72AA-476C-B69B-A7FD317F2F1F}.Ad-Hoc|x86.Build.0 = Release|x86
		{7F999AAC-72AA-476C-B69B-A7FD317F2F1F}.Ad-Hoc|x86.Deploy.0 = Release|x86
		{7F999AAC-72AA-476C-B69B-A7FD317F2F1F}.AppStore|Any CPU.ActiveCfg = Release|x86
		{7F999AAC-72AA-476C-B69B-A7FD317F2F1F}.AppStore|Any CPU.Build.0 = Release|x86
		{7F999AAC-72AA-476C-B69B-A7FD317F2F1F}.AppStore|Any CPU.Deploy.0 = Release|x86
		{7F999AAC-72AA-476C-B69B-A7FD317F2F1F}.AppStore|ARM.ActiveCfg = Release|ARM
		{7F999AAC-72AA-476C-B69B-A7FD317F2F1F}.AppStore|ARM.Build.0 = Release|ARM
		{7F999AAC-72AA-476C-B69B-A7FD317F2F1F}.AppStore|ARM.Deploy.0 = Release|ARM
		{7F999AAC-72AA-476C-B69B-A7FD317F2F1F}.AppStore|iPhone.ActiveCfg = Release|x86
		{7F999AAC-72AA-476C-B69B-A7FD317F2F1F}.AppStore|iPhone.Build.0 = Release|x86
		{7F999AAC-72AA-476C-B69B-A7FD317F2F1F}.AppStore|iPhone.Deploy.0 = Release|x86
		{7F999AAC-72AA-476C-B69B-A7FD317F2F1F}.AppStore|iPhoneSimulator.ActiveCfg = Release|x86
		{7F999AAC-72AA-476C-B69B-A7FD317F2F1F}.AppStore|iPhoneSimulator.Build.0 = Release|x86
		{7F999AAC-72AA-476C-B69B-A7FD317F2F1F}.AppStore|iPhoneSimulator.Deploy.0 = Release|x86
		{7F999AAC-72AA-476C-B69B-A7FD317F2F1F}.AppStore|x64.ActiveCfg = Release|x64
		{7F999AAC-72AA-476C-B69B-A7FD317F2F1F}.AppStore|x64.Build.0 = Release|x64
		{7F999AAC-72AA-476C-B69B-A7FD317F2F1F}.AppStore|x64.Deploy.0 = Release|x64
		{7F999AAC-72AA-476C-B69B-A7FD317F2F1F}.AppStore|x86.ActiveCfg = Release|x86
		{7F999AAC-72AA-476C-B69B-A7FD317F2F1F}.AppStore|x86.Build.0 = Release|x86
		{7F999AAC-72AA-476C-B69B-A7FD317F2F1F}.AppStore|x86.Deploy.0 = Release|x86
		{7F999AAC-72AA-476C-B69B-A7FD317F2F1F}.Debug|Any CPU.ActiveCfg = Debug|x86
		{7F999AAC-72AA-476C-B69B-A7FD317F2F1F}.Debug|ARM.ActiveCfg = Debug|ARM
		{7F999AAC-72AA-476C-B69B-A7FD317F2F1F}.Debug|ARM.Build.0 = Debug|ARM
		{7F999AAC-72AA-476C-B69B-A7FD317F2F1F}.Debug|ARM.Deploy.0 = Debug|ARM
		{7F999AAC-72AA-476C-B69B-A7FD317F2F1F}.Debug|iPhone.ActiveCfg = Debug|x86
		{7F999AAC-72AA-476C-B69B-A7FD317F2F1F}.Debug|iPhoneSimulator.ActiveCfg = Debug|x86
		{7F999AAC-72AA-476C-B69B-A7FD317F2F1F}.Debug|x64.ActiveCfg = Debug|x64
		{7F999AAC-72AA-476C-B69B-A7FD317F2F1F}.Debug|x64.Build.0 = Debug|x64
		{7F999AAC-72AA-476C-B69B-A7FD317F2F1F}.Debug|x64.Deploy.0 = Debug|x64
		{7F999AAC-72AA-476C-B69B-A7FD317F2F1F}.Debug|x86.ActiveCfg = Debug|x86
		{7F999AAC-72AA-476C-B69B-A7FD317F2F1F}.Debug|x86.Build.0 = Debug|x86
		{7F999AAC-72AA-476C-B69B-A7FD317F2F1F}.Debug|x86.Deploy.0 = Debug|x86
		{7F999AAC-72AA-476C-B69B-A7FD317F2F1F}.Release|Any CPU.ActiveCfg = Release|x86
		{7F999AAC-72AA-476C-B69B-A7FD317F2F1F}.Release|ARM.ActiveCfg = Release|ARM
		{7F999AAC-72AA-476C-B69B-A7FD317F2F1F}.Release|ARM.Build.0 = Release|ARM
		{7F999AAC-72AA-476C-B69B-A7FD317F2F1F}.Release|ARM.Deploy.0 = Release|ARM
		{7F999AAC-72AA-476C-B69B-A7FD317F2F1F}.Release|iPhone.ActiveCfg = Release|x86
		{7F999AAC-72AA-476C-B69B-A7FD317F2F1F}.Release|iPhoneSimulator.ActiveCfg = Release|x86
		{7F999AAC-72AA-476C-B69B-A7FD317F2F1F}.Release|x64.ActiveCfg = Release|x64
		{7F999AAC-72AA-476C-B69B-A7FD317F2F1F}.Release|x64.Build.0 = Release|x64
		{7F999AAC-72AA-476C-B69B-A7FD317F2F1F}.Release|x64.Deploy.0 = Release|x64
		{7F999AAC-72AA-476C-B69B-A7FD317F2F1F}.Release|x86.ActiveCfg = Release|x86
		{7F999AAC-72AA-476C-B69B-A7FD317F2F1F}.Release|x86.Build.0 = Release|x86
		{7F999AAC-72AA-476C-B69B-A7FD317F2F1F}.Release|x86.Deploy.0 = Release|x86
		{6071BB93-ED1B-4F3C-A7DE-E48C949E4EA8}.Ad-Hoc|Any CPU.ActiveCfg = Release|Any CPU
		{6071BB93-ED1B-4F3C-A7DE-E48C949E4EA8}.Ad-Hoc|Any CPU.Build.0 = Release|Any CPU
		{6071BB93-ED1B-4F3C-A7DE-E48C949E4EA8}.Ad-Hoc|Any CPU.Deploy.0 = Release|Any CPU
		{6071BB93-ED1B-4F3C-A7DE-E48C949E4EA8}.Ad-Hoc|ARM.ActiveCfg = Release|ARM
		{6071BB93-ED1B-4F3C-A7DE-E48C949E4EA8}.Ad-Hoc|ARM.Build.0 = Release|ARM
		{6071BB93-ED1B-4F3C-A7DE-E48C949E4EA8}.Ad-Hoc|ARM.Deploy.0 = Release|ARM
		{6071BB93-ED1B-4F3C-A7DE-E48C949E4EA8}.Ad-Hoc|iPhone.ActiveCfg = Release|Any CPU
		{6071BB93-ED1B-4F3C-A7DE-E48C949E4EA8}.Ad-Hoc|iPhone.Build.0 = Release|Any CPU
		{6071BB93-ED1B-4F3C-A7DE-E48C949E4EA8}.Ad-Hoc|iPhone.Deploy.0 = Release|Any CPU
		{6071BB93-ED1B-4F3C-A7DE-E48C949E4EA8}.Ad-Hoc|iPhoneSimulator.ActiveCfg = Release|Any CPU
		{6071BB93-ED1B-4F3C-A7DE-E48C949E4EA8}.Ad-Hoc|iPhoneSimulator.Build.0 = Release|Any CPU
		{6071BB93-ED1B-4F3C-A7DE-E48C949E4EA8}.Ad-Hoc|iPhoneSimulator.Deploy.0 = Release|Any CPU
		{6071BB93-ED1B-4F3C-A7DE-E48C949E4EA8}.Ad-Hoc|x64.ActiveCfg = Release|x64
		{6071BB93-ED1B-4F3C-A7DE-E48C949E4EA8}.Ad-Hoc|x64.Build.0 = Release|x64
		{6071BB93-ED1B-4F3C-A7DE-E48C949E4EA8}.Ad-Hoc|x64.Deploy.0 = Release|x64
		{6071BB93-ED1B-4F3C-A7DE-E48C949E4EA8}.Ad-Hoc|x86.ActiveCfg = Release|x86
		{6071BB93-ED1B-4F3C-A7DE-E48C949E4EA8}.Ad-Hoc|x86.Build.0 = Release|x86
		{6071BB93-ED1B-4F3C-A7DE-E48C949E4EA8}.Ad-Hoc|x86.Deploy.0 = Release|x86
		{6071BB93-ED1B-4F3C-A7DE-E48C949E4EA8}.AppStore|Any CPU.ActiveCfg = Release|Any CPU
		{6071BB93-ED1B-4F3C-A7DE-E48C949E4EA8}.AppStore|Any CPU.Build.0 = Release|Any CPU
		{6071BB93-ED1B-4F3C-A7DE-E48C949E4EA8}.AppStore|Any CPU.Deploy.0 = Release|Any CPU
		{6071BB93-ED1B-4F3C-A7DE-E48C949E4EA8}.AppStore|ARM.ActiveCfg = Release|ARM
		{6071BB93-ED1B-4F3C-A7DE-E48C949E4EA8}.AppStore|ARM.Build.0 = Release|ARM
		{6071BB93-ED1B-4F3C-A7DE-E48C949E4EA8}.AppStore|ARM.Deploy.0 = Release|ARM
		{6071BB93-ED1B-4F3C-A7DE-E48C949E4EA8}.AppStore|iPhone.ActiveCfg = Release|Any CPU
		{6071BB93-ED1B-4F3C-A7DE-E48C949E4EA8}.AppStore|iPhone.Build.0 = Release|Any CPU
		{6071BB93-ED1B-4F3C-A7DE-E48C949E4EA8}.AppStore|iPhone.Deploy.0 = Release|Any CPU
		{6071BB93-ED1B-4F3C-A7DE-E48C949E4EA8}.AppStore|iPhoneSimulator.ActiveCfg = Release|Any CPU
		{6071BB93-ED1B-4F3C-A7DE-E48C949E4EA8}.AppStore|iPhoneSimulator.Build.0 = Release|Any CPU
		{6071BB93-ED1B-4F3C-A7DE-E48C949E4EA8}.AppStore|iPhoneSimulator.Deploy.0 = Release|Any CPU
		{6071BB93-ED1B-4F3C-A7DE-E48C949E4EA8}.AppStore|x64.ActiveCfg = Release|x64
		{6071BB93-ED1B-4F3C-A7DE-E48C949E4EA8}.AppStore|x64.Build.0 = Release|x64
		{6071BB93-ED1B-4F3C-A7DE-E48C949E4EA8}.AppStore|x64.Deploy.0 = Release|x64
		{6071BB93-ED1B-4F3C-A7DE-E48C949E4EA8}.AppStore|x86.ActiveCfg = Release|x86
		{6071BB93-ED1B-4F3C-A7DE-E48C949E4EA8}.AppStore|x86.Build.0 = Release|x86
		{6071BB93-ED1B-4F3C-A7DE-E48C949E4EA8}.AppStore|x86.Deploy.0 = Release|x86
		{6071BB93-ED1B-4F3C-A7DE-E48C949E4EA8}.Debug|Any CPU.ActiveCfg = Debug|Any CPU
		{6071BB93-ED1B-4F3C-A7DE-E48C949E4EA8}.Debug|Any CPU.Build.0 = Debug|Any CPU
		{6071BB93-ED1B-4F3C-A7DE-E48C949E4EA8}.Debug|Any CPU.Deploy.0 = Debug|Any CPU
		{6071BB93-ED1B-4F3C-A7DE-E48C949E4EA8}.Debug|ARM.ActiveCfg = Debug|ARM
		{6071BB93-ED1B-4F3C-A7DE-E48C949E4EA8}.Debug|ARM.Build.0 = Debug|ARM
		{6071BB93-ED1B-4F3C-A7DE-E48C949E4EA8}.Debug|ARM.Deploy.0 = Debug|ARM
		{6071BB93-ED1B-4F3C-A7DE-E48C949E4EA8}.Debug|iPhone.ActiveCfg = Debug|Any CPU
		{6071BB93-ED1B-4F3C-A7DE-E48C949E4EA8}.Debug|iPhone.Build.0 = Debug|Any CPU
		{6071BB93-ED1B-4F3C-A7DE-E48C949E4EA8}.Debug|iPhone.Deploy.0 = Debug|Any CPU
		{6071BB93-ED1B-4F3C-A7DE-E48C949E4EA8}.Debug|iPhoneSimulator.ActiveCfg = Debug|Any CPU
		{6071BB93-ED1B-4F3C-A7DE-E48C949E4EA8}.Debug|iPhoneSimulator.Build.0 = Debug|Any CPU
		{6071BB93-ED1B-4F3C-A7DE-E48C949E4EA8}.Debug|iPhoneSimulator.Deploy.0 = Debug|Any CPU
		{6071BB93-ED1B-4F3C-A7DE-E48C949E4EA8}.Debug|x64.ActiveCfg = Debug|x64
		{6071BB93-ED1B-4F3C-A7DE-E48C949E4EA8}.Debug|x64.Build.0 = Debug|x64
		{6071BB93-ED1B-4F3C-A7DE-E48C949E4EA8}.Debug|x64.Deploy.0 = Debug|x64
		{6071BB93-ED1B-4F3C-A7DE-E48C949E4EA8}.Debug|x86.ActiveCfg = Debug|x86
		{6071BB93-ED1B-4F3C-A7DE-E48C949E4EA8}.Debug|x86.Build.0 = Debug|x86
		{6071BB93-ED1B-4F3C-A7DE-E48C949E4EA8}.Debug|x86.Deploy.0 = Debug|x86
		{6071BB93-ED1B-4F3C-A7DE-E48C949E4EA8}.Release|Any CPU.ActiveCfg = Release|Any CPU
		{6071BB93-ED1B-4F3C-A7DE-E48C949E4EA8}.Release|Any CPU.Build.0 = Release|Any CPU
		{6071BB93-ED1B-4F3C-A7DE-E48C949E4EA8}.Release|Any CPU.Deploy.0 = Release|Any CPU
		{6071BB93-ED1B-4F3C-A7DE-E48C949E4EA8}.Release|ARM.ActiveCfg = Release|ARM
		{6071BB93-ED1B-4F3C-A7DE-E48C949E4EA8}.Release|ARM.Build.0 = Release|ARM
		{6071BB93-ED1B-4F3C-A7DE-E48C949E4EA8}.Release|ARM.Deploy.0 = Release|ARM
		{6071BB93-ED1B-4F3C-A7DE-E48C949E4EA8}.Release|iPhone.ActiveCfg = Release|Any CPU
		{6071BB93-ED1B-4F3C-A7DE-E48C949E4EA8}.Release|iPhone.Build.0 = Release|Any CPU
		{6071BB93-ED1B-4F3C-A7DE-E48C949E4EA8}.Release|iPhone.Deploy.0 = Release|Any CPU
		{6071BB93-ED1B-4F3C-A7DE-E48C949E4EA8}.Release|iPhoneSimulator.ActiveCfg = Release|Any CPU
		{6071BB93-ED1B-4F3C-A7DE-E48C949E4EA8}.Release|iPhoneSimulator.Build.0 = Release|Any CPU
		{6071BB93-ED1B-4F3C-A7DE-E48C949E4EA8}.Release|iPhoneSimulator.Deploy.0 = Release|Any CPU
		{6071BB93-ED1B-4F3C-A7DE-E48C949E4EA8}.Release|x64.ActiveCfg = Release|x64
		{6071BB93-ED1B-4F3C-A7DE-E48C949E4EA8}.Release|x64.Build.0 = Release|x64
		{6071BB93-ED1B-4F3C-A7DE-E48C949E4EA8}.Release|x64.Deploy.0 = Release|x64
		{6071BB93-ED1B-4F3C-A7DE-E48C949E4EA8}.Release|x86.ActiveCfg = Release|x86
		{6071BB93-ED1B-4F3C-A7DE-E48C949E4EA8}.Release|x86.Build.0 = Release|x86
		{6071BB93-ED1B-4F3C-A7DE-E48C949E4EA8}.Release|x86.Deploy.0 = Release|x86
		{D5761239-02CC-48C9-9868-041C8B60E907}.Ad-Hoc|Any CPU.ActiveCfg = Release|Any CPU
		{D5761239-02CC-48C9-9868-041C8B60E907}.Ad-Hoc|Any CPU.Build.0 = Release|Any CPU
		{D5761239-02CC-48C9-9868-041C8B60E907}.Ad-Hoc|ARM.ActiveCfg = Release|Any CPU
		{D5761239-02CC-48C9-9868-041C8B60E907}.Ad-Hoc|ARM.Build.0 = Release|Any CPU
		{D5761239-02CC-48C9-9868-041C8B60E907}.Ad-Hoc|iPhone.ActiveCfg = Release|Any CPU
		{D5761239-02CC-48C9-9868-041C8B60E907}.Ad-Hoc|iPhone.Build.0 = Release|Any CPU
		{D5761239-02CC-48C9-9868-041C8B60E907}.Ad-Hoc|iPhoneSimulator.ActiveCfg = Release|Any CPU
		{D5761239-02CC-48C9-9868-041C8B60E907}.Ad-Hoc|iPhoneSimulator.Build.0 = Release|Any CPU
		{D5761239-02CC-48C9-9868-041C8B60E907}.Ad-Hoc|x64.ActiveCfg = Release|Any CPU
		{D5761239-02CC-48C9-9868-041C8B60E907}.Ad-Hoc|x64.Build.0 = Release|Any CPU
		{D5761239-02CC-48C9-9868-041C8B60E907}.Ad-Hoc|x86.ActiveCfg = Release|Any CPU
		{D5761239-02CC-48C9-9868-041C8B60E907}.Ad-Hoc|x86.Build.0 = Release|Any CPU
		{D5761239-02CC-48C9-9868-041C8B60E907}.AppStore|Any CPU.ActiveCfg = Release|Any CPU
		{D5761239-02CC-48C9-9868-041C8B60E907}.AppStore|Any CPU.Build.0 = Release|Any CPU
		{D5761239-02CC-48C9-9868-041C8B60E907}.AppStore|ARM.ActiveCfg = Release|Any CPU
		{D5761239-02CC-48C9-9868-041C8B60E907}.AppStore|ARM.Build.0 = Release|Any CPU
		{D5761239-02CC-48C9-9868-041C8B60E907}.AppStore|iPhone.ActiveCfg = Release|Any CPU
		{D5761239-02CC-48C9-9868-041C8B60E907}.AppStore|iPhone.Build.0 = Release|Any CPU
		{D5761239-02CC-48C9-9868-041C8B60E907}.AppStore|iPhoneSimulator.ActiveCfg = Release|Any CPU
		{D5761239-02CC-48C9-9868-041C8B60E907}.AppStore|iPhoneSimulator.Build.0 = Release|Any CPU
		{D5761239-02CC-48C9-9868-041C8B60E907}.AppStore|x64.ActiveCfg = Release|Any CPU
		{D5761239-02CC-48C9-9868-041C8B60E907}.AppStore|x64.Build.0 = Release|Any CPU
		{D5761239-02CC-48C9-9868-041C8B60E907}.AppStore|x86.ActiveCfg = Release|Any CPU
		{D5761239-02CC-48C9-9868-041C8B60E907}.AppStore|x86.Build.0 = Release|Any CPU
		{D5761239-02CC-48C9-9868-041C8B60E907}.Debug|Any CPU.ActiveCfg = Debug|Any CPU
		{D5761239-02CC-48C9-9868-041C8B60E907}.Debug|Any CPU.Build.0 = Debug|Any CPU
		{D5761239-02CC-48C9-9868-041C8B60E907}.Debug|ARM.ActiveCfg = Debug|Any CPU
		{D5761239-02CC-48C9-9868-041C8B60E907}.Debug|ARM.Build.0 = Debug|Any CPU
		{D5761239-02CC-48C9-9868-041C8B60E907}.Debug|iPhone.ActiveCfg = Debug|Any CPU
		{D5761239-02CC-48C9-9868-041C8B60E907}.Debug|iPhone.Build.0 = Debug|Any CPU
		{D5761239-02CC-48C9-9868-041C8B60E907}.Debug|iPhoneSimulator.ActiveCfg = Debug|Any CPU
		{D5761239-02CC-48C9-9868-041C8B60E907}.Debug|iPhoneSimulator.Build.0 = Debug|Any CPU
		{D5761239-02CC-48C9-9868-041C8B60E907}.Debug|x64.ActiveCfg = Debug|Any CPU
		{D5761239-02CC-48C9-9868-041C8B60E907}.Debug|x64.Build.0 = Debug|Any CPU
		{D5761239-02CC-48C9-9868-041C8B60E907}.Debug|x86.ActiveCfg = Debug|Any CPU
		{D5761239-02CC-48C9-9868-041C8B60E907}.Debug|x86.Build.0 = Debug|Any CPU
		{D5761239-02CC-48C9-9868-041C8B60E907}.Release|Any CPU.ActiveCfg = Release|Any CPU
		{D5761239-02CC-48C9-9868-041C8B60E907}.Release|Any CPU.Build.0 = Release|Any CPU
		{D5761239-02CC-48C9-9868-041C8B60E907}.Release|ARM.ActiveCfg = Release|Any CPU
		{D5761239-02CC-48C9-9868-041C8B60E907}.Release|ARM.Build.0 = Release|Any CPU
		{D5761239-02CC-48C9-9868-041C8B60E907}.Release|iPhone.ActiveCfg = Release|Any CPU
		{D5761239-02CC-48C9-9868-041C8B60E907}.Release|iPhone.Build.0 = Release|Any CPU
		{D5761239-02CC-48C9-9868-041C8B60E907}.Release|iPhoneSimulator.ActiveCfg = Release|Any CPU
		{D5761239-02CC-48C9-9868-041C8B60E907}.Release|iPhoneSimulator.Build.0 = Release|Any CPU
		{D5761239-02CC-48C9-9868-041C8B60E907}.Release|x64.ActiveCfg = Release|Any CPU
		{D5761239-02CC-48C9-9868-041C8B60E907}.Release|x64.Build.0 = Release|Any CPU
		{D5761239-02CC-48C9-9868-041C8B60E907}.Release|x86.ActiveCfg = Release|Any CPU
		{D5761239-02CC-48C9-9868-041C8B60E907}.Release|x86.Build.0 = Release|Any CPU
	EndGlobalSection
	GlobalSection(SolutionProperties) = preSolution
		HideSolutionNode = FALSE
	EndGlobalSection
EndGlobal
